
Microsoft Visual Studio Solution File, Format Version 12.00
# Visual Studio Version 16
VisualStudioVersion = 16.0.30011.22
MinimumVisualStudioVersion = 10.0.40219.1
Project("{FAE04EC0-301F-11D3-BF4B-00C04F79EFBC}") = "WpfApplication1", "WpfApplication1\WpfApplication1.csproj", "{40F9A335-3C49-44FE-B3A7-B080AE0D0605}"
	ProjectSection(ProjectDependencies) = postProject
		{A988E147-13B0-40BA-9438-27578673D21A} = {A988E147-13B0-40BA-9438-27578673D21A}
	EndProjectSection
EndProject
Project("{FAE04EC0-301F-11D3-BF4B-00C04F79EFBC}") = "Model", "Model\Model.csproj", "{2B28CBA9-1539-4D66-A31D-121192DEA4D4}"
EndProject
Project("{FAE04EC0-301F-11D3-BF4B-00C04F79EFBC}") = "Bll", "Bll\Bll.csproj", "{DC0D6BA5-F663-4D9D-AB72-548935ABE5D1}"
EndProject
Project("{FAE04EC0-301F-11D3-BF4B-00C04F79EFBC}") = "Dal", "Dal\Dal.csproj", "{4A8D0C74-3ADD-436B-A670-4DDCF47F742D}"
EndProject
Project("{FAE04EC0-301F-11D3-BF4B-00C04F79EFBC}") = "WinFormCef", "WinFormCef\WinFormCef.csproj", "{360D1A38-951C-4277-8695-B2868B126F30}"
EndProject
Project("{FAE04EC0-301F-11D3-BF4B-00C04F79EFBC}") = "RegApp", "RegApp\RegApp.csproj", "{C2862176-52EC-4E8B-BE58-EFAA586536A9}"
EndProject
Project("{FAE04EC0-301F-11D3-BF4B-00C04F79EFBC}") = "ShowBox", "ShowBox\ShowBox.csproj", "{EF6E018D-6A60-4B2D-B08F-1D88285F3B2F}"
EndProject
Project("{FAE04EC0-301F-11D3-BF4B-00C04F79EFBC}") = "AuthTool", "AuthTool\AuthTool.csproj", "{A988E147-13B0-40BA-9438-27578673D21A}"
EndProject
Project("{FAE04EC0-301F-11D3-BF4B-00C04F79EFBC}") = "Common", "Common\Common.csproj", "{CA3E7EC2-1AE4-4909-820D-2AAF78BE9582}"
EndProject
Project("{54435603-DBB4-11D2-8724-00A0C9A8B90C}") = "Pkg", "Pkg\Pkg.vdproj", "{06E3C9DE-636D-46E4-8866-C1B7C5F4A3D7}"
EndProject
Global
	GlobalSection(SolutionConfigurationPlatforms) = preSolution
		CD_ROM|Any CPU = CD_ROM|Any CPU
		CD_ROM|Mixed Platforms = CD_ROM|Mixed Platforms
		CD_ROM|x64 = CD_ROM|x64
		CD_ROM|x86 = CD_ROM|x86
		Debug|Any CPU = Debug|Any CPU
		Debug|Mixed Platforms = Debug|Mixed Platforms
		Debug|x64 = Debug|x64
		Debug|x86 = Debug|x86
		DVD-5|Any CPU = DVD-5|Any CPU
		DVD-5|Mixed Platforms = DVD-5|Mixed Platforms
		DVD-5|x64 = DVD-5|x64
		DVD-5|x86 = DVD-5|x86
		Release|Any CPU = Release|Any CPU
		Release|Mixed Platforms = Release|Mixed Platforms
		Release|x64 = Release|x64
		Release|x86 = Release|x86
		SingleImage|Any CPU = SingleImage|Any CPU
		SingleImage|Mixed Platforms = SingleImage|Mixed Platforms
		SingleImage|x64 = SingleImage|x64
		SingleImage|x86 = SingleImage|x86
	EndGlobalSection
	GlobalSection(ProjectConfigurationPlatforms) = postSolution
		{40F9A335-3C49-44FE-B3A7-B080AE0D0605}.CD_ROM|Any CPU.ActiveCfg = Release|Any CPU
		{40F9A335-3C49-44FE-B3A7-B080AE0D0605}.CD_ROM|Any CPU.Build.0 = Release|Any CPU
		{40F9A335-3C49-44FE-B3A7-B080AE0D0605}.CD_ROM|Mixed Platforms.ActiveCfg = Release|x86
		{40F9A335-3C49-44FE-B3A7-B080AE0D0605}.CD_ROM|Mixed Platforms.Build.0 = Release|x86
		{40F9A335-3C49-44FE-B3A7-B080AE0D0605}.CD_ROM|x64.ActiveCfg = Release|x64
		{40F9A335-3C49-44FE-B3A7-B080AE0D0605}.CD_ROM|x64.Build.0 = Release|x64
		{40F9A335-3C49-44FE-B3A7-B080AE0D0605}.CD_ROM|x86.ActiveCfg = Release|x86
		{40F9A335-3C49-44FE-B3A7-B080AE0D0605}.CD_ROM|x86.Build.0 = Release|x86
		{40F9A335-3C49-44FE-B3A7-B080AE0D0605}.Debug|Any CPU.ActiveCfg = Debug|x86
		{40F9A335-3C49-44FE-B3A7-B080AE0D0605}.Debug|Any CPU.Build.0 = Debug|x86
		{40F9A335-3C49-44FE-B3A7-B080AE0D0605}.Debug|Mixed Platforms.ActiveCfg = Debug|x86
		{40F9A335-3C49-44FE-B3A7-B080AE0D0605}.Debug|Mixed Platforms.Build.0 = Debug|x86
		{40F9A335-3C49-44FE-B3A7-B080AE0D0605}.Debug|x64.ActiveCfg = Debug|x64
		{40F9A335-3C49-44FE-B3A7-B080AE0D0605}.Debug|x64.Build.0 = Debug|x64
		{40F9A335-3C49-44FE-B3A7-B080AE0D0605}.Debug|x86.ActiveCfg = Debug|x86
		{40F9A335-3C49-44FE-B3A7-B080AE0D0605}.Debug|x86.Build.0 = Debug|x86
		{40F9A335-3C49-44FE-B3A7-B080AE0D0605}.DVD-5|Any CPU.ActiveCfg = Debug|Any CPU
		{40F9A335-3C49-44FE-B3A7-B080AE0D0605}.DVD-5|Any CPU.Build.0 = Debug|Any CPU
		{40F9A335-3C49-44FE-B3A7-B080AE0D0605}.DVD-5|Mixed Platforms.ActiveCfg = Debug|x86
		{40F9A335-3C49-44FE-B3A7-B080AE0D0605}.DVD-5|Mixed Platforms.Build.0 = Debug|x86
		{40F9A335-3C49-44FE-B3A7-B080AE0D0605}.DVD-5|x64.ActiveCfg = Debug|x64
		{40F9A335-3C49-44FE-B3A7-B080AE0D0605}.DVD-5|x64.Build.0 = Debug|x64
		{40F9A335-3C49-44FE-B3A7-B080AE0D0605}.DVD-5|x86.ActiveCfg = Debug|x86
		{40F9A335-3C49-44FE-B3A7-B080AE0D0605}.DVD-5|x86.Build.0 = Debug|x86
		{40F9A335-3C49-44FE-B3A7-B080AE0D0605}.Release|Any CPU.ActiveCfg = Release|x86
		{40F9A335-3C49-44FE-B3A7-B080AE0D0605}.Release|Any CPU.Build.0 = Release|x86
		{40F9A335-3C49-44FE-B3A7-B080AE0D0605}.Release|Mixed Platforms.ActiveCfg = Release|x86
		{40F9A335-3C49-44FE-B3A7-B080AE0D0605}.Release|Mixed Platforms.Build.0 = Release|x86
		{40F9A335-3C49-44FE-B3A7-B080AE0D0605}.Release|x64.ActiveCfg = Release|x86
		{40F9A335-3C49-44FE-B3A7-B080AE0D0605}.Release|x64.Build.0 = Release|x86
		{40F9A335-3C49-44FE-B3A7-B080AE0D0605}.Release|x86.ActiveCfg = Release|x86
		{40F9A335-3C49-44FE-B3A7-B080AE0D0605}.Release|x86.Build.0 = Release|x86
		{40F9A335-3C49-44FE-B3A7-B080AE0D0605}.SingleImage|Any CPU.ActiveCfg = Release|Any CPU
		{40F9A335-3C49-44FE-B3A7-B080AE0D0605}.SingleImage|Any CPU.Build.0 = Release|Any CPU
		{40F9A335-3C49-44FE-B3A7-B080AE0D0605}.SingleImage|Mixed Platforms.ActiveCfg = Release|x86
		{40F9A335-3C49-44FE-B3A7-B080AE0D0605}.SingleImage|Mixed Platforms.Build.0 = Release|x86
		{40F9A335-3C49-44FE-B3A7-B080AE0D0605}.SingleImage|x64.ActiveCfg = Release|x64
		{40F9A335-3C49-44FE-B3A7-B080AE0D0605}.SingleImage|x64.Build.0 = Release|x64
		{40F9A335-3C49-44FE-B3A7-B080AE0D0605}.SingleImage|x86.ActiveCfg = Release|x86
		{40F9A335-3C49-44FE-B3A7-B080AE0D0605}.SingleImage|x86.Build.0 = Release|x86
		{2B28CBA9-1539-4D66-A31D-121192DEA4D4}.CD_ROM|Any CPU.ActiveCfg = Release|Any CPU
		{2B28CBA9-1539-4D66-A31D-121192DEA4D4}.CD_ROM|Any CPU.Build.0 = Release|Any CPU
		{2B28CBA9-1539-4D66-A31D-121192DEA4D4}.CD_ROM|Mixed Platforms.ActiveCfg = Release|Any CPU
		{2B28CBA9-1539-4D66-A31D-121192DEA4D4}.CD_ROM|Mixed Platforms.Build.0 = Release|Any CPU
		{2B28CBA9-1539-4D66-A31D-121192DEA4D4}.CD_ROM|x64.ActiveCfg = Debug|Any CPU
		{2B28CBA9-1539-4D66-A31D-121192DEA4D4}.CD_ROM|x64.Build.0 = Debug|Any CPU
		{2B28CBA9-1539-4D66-A31D-121192DEA4D4}.CD_ROM|x86.ActiveCfg = Release|Any CPU
		{2B28CBA9-1539-4D66-A31D-121192DEA4D4}.Debug|Any CPU.ActiveCfg = Debug|Any CPU
		{2B28CBA9-1539-4D66-A31D-121192DEA4D4}.Debug|Any CPU.Build.0 = Debug|Any CPU
		{2B28CBA9-1539-4D66-A31D-121192DEA4D4}.Debug|Mixed Platforms.ActiveCfg = Debug|Any CPU
		{2B28CBA9-1539-4D66-A31D-121192DEA4D4}.Debug|Mixed Platforms.Build.0 = Debug|Any CPU
		{2B28CBA9-1539-4D66-A31D-121192DEA4D4}.Debug|x64.ActiveCfg = Debug|x64
		{2B28CBA9-1539-4D66-A31D-121192DEA4D4}.Debug|x64.Build.0 = Debug|x64
		{2B28CBA9-1539-4D66-A31D-121192DEA4D4}.Debug|x86.ActiveCfg = Debug|x86
		{2B28CBA9-1539-4D66-A31D-121192DEA4D4}.Debug|x86.Build.0 = Debug|x86
		{2B28CBA9-1539-4D66-A31D-121192DEA4D4}.DVD-5|Any CPU.ActiveCfg = Debug|Any CPU
		{2B28CBA9-1539-4D66-A31D-121192DEA4D4}.DVD-5|Any CPU.Build.0 = Debug|Any CPU
		{2B28CBA9-1539-4D66-A31D-121192DEA4D4}.DVD-5|Mixed Platforms.ActiveCfg = Debug|Any CPU
		{2B28CBA9-1539-4D66-A31D-121192DEA4D4}.DVD-5|Mixed Platforms.Build.0 = Debug|Any CPU
		{2B28CBA9-1539-4D66-A31D-121192DEA4D4}.DVD-5|x64.ActiveCfg = Debug|Any CPU
		{2B28CBA9-1539-4D66-A31D-121192DEA4D4}.DVD-5|x64.Build.0 = Debug|Any CPU
		{2B28CBA9-1539-4D66-A31D-121192DEA4D4}.DVD-5|x86.ActiveCfg = Debug|Any CPU
		{2B28CBA9-1539-4D66-A31D-121192DEA4D4}.Release|Any CPU.ActiveCfg = Release|Any CPU
		{2B28CBA9-1539-4D66-A31D-121192DEA4D4}.Release|Any CPU.Build.0 = Release|Any CPU
		{2B28CBA9-1539-4D66-A31D-121192DEA4D4}.Release|Mixed Platforms.ActiveCfg = Release|Any CPU
		{2B28CBA9-1539-4D66-A31D-121192DEA4D4}.Release|Mixed Platforms.Build.0 = Release|Any CPU
		{2B28CBA9-1539-4D66-A31D-121192DEA4D4}.Release|x64.ActiveCfg = Release|Any CPU
		{2B28CBA9-1539-4D66-A31D-121192DEA4D4}.Release|x64.Build.0 = Release|Any CPU
		{2B28CBA9-1539-4D66-A31D-121192DEA4D4}.Release|x86.ActiveCfg = Release|x86
		{2B28CBA9-1539-4D66-A31D-121192DEA4D4}.Release|x86.Build.0 = Release|x86
		{2B28CBA9-1539-4D66-A31D-121192DEA4D4}.SingleImage|Any CPU.ActiveCfg = Release|Any CPU
		{2B28CBA9-1539-4D66-A31D-121192DEA4D4}.SingleImage|Any CPU.Build.0 = Release|Any CPU
		{2B28CBA9-1539-4D66-A31D-121192DEA4D4}.SingleImage|Mixed Platforms.ActiveCfg = Release|Any CPU
		{2B28CBA9-1539-4D66-A31D-121192DEA4D4}.SingleImage|Mixed Platforms.Build.0 = Release|Any CPU
		{2B28CBA9-1539-4D66-A31D-121192DEA4D4}.SingleImage|x64.ActiveCfg = Debug|Any CPU
		{2B28CBA9-1539-4D66-A31D-121192DEA4D4}.SingleImage|x64.Build.0 = Debug|Any CPU
		{2B28CBA9-1539-4D66-A31D-121192DEA4D4}.SingleImage|x86.ActiveCfg = Release|Any CPU
		{DC0D6BA5-F663-4D9D-AB72-548935ABE5D1}.CD_ROM|Any CPU.ActiveCfg = Release|Any CPU
		{DC0D6BA5-F663-4D9D-AB72-548935ABE5D1}.CD_ROM|Any CPU.Build.0 = Release|Any CPU
		{DC0D6BA5-F663-4D9D-AB72-548935ABE5D1}.CD_ROM|Mixed Platforms.ActiveCfg = Release|Any CPU
		{DC0D6BA5-F663-4D9D-AB72-548935ABE5D1}.CD_ROM|Mixed Platforms.Build.0 = Release|Any CPU
		{DC0D6BA5-F663-4D9D-AB72-548935ABE5D1}.CD_ROM|x64.ActiveCfg = Debug|Any CPU
		{DC0D6BA5-F663-4D9D-AB72-548935ABE5D1}.CD_ROM|x64.Build.0 = Debug|Any CPU
		{DC0D6BA5-F663-4D9D-AB72-548935ABE5D1}.CD_ROM|x86.ActiveCfg = Release|Any CPU
		{DC0D6BA5-F663-4D9D-AB72-548935ABE5D1}.Debug|Any CPU.ActiveCfg = Debug|Any CPU
		{DC0D6BA5-F663-4D9D-AB72-548935ABE5D1}.Debug|Any CPU.Build.0 = Debug|Any CPU
		{DC0D6BA5-F663-4D9D-AB72-548935ABE5D1}.Debug|Mixed Platforms.ActiveCfg = Debug|Any CPU
		{DC0D6BA5-F663-4D9D-AB72-548935ABE5D1}.Debug|Mixed Platforms.Build.0 = Debug|Any CPU
		{DC0D6BA5-F663-4D9D-AB72-548935ABE5D1}.Debug|x64.ActiveCfg = Debug|x64
		{DC0D6BA5-F663-4D9D-AB72-548935ABE5D1}.Debug|x64.Build.0 = Debug|x64
		{DC0D6BA5-F663-4D9D-AB72-548935ABE5D1}.Debug|x86.ActiveCfg = Debug|x86
		{DC0D6BA5-F663-4D9D-AB72-548935ABE5D1}.Debug|x86.Build.0 = Debug|x86
		{DC0D6BA5-F663-4D9D-AB72-548935ABE5D1}.DVD-5|Any CPU.ActiveCfg = Debug|Any CPU
		{DC0D6BA5-F663-4D9D-AB72-548935ABE5D1}.DVD-5|Any CPU.Build.0 = Debug|Any CPU
		{DC0D6BA5-F663-4D9D-AB72-548935ABE5D1}.DVD-5|Mixed Platforms.ActiveCfg = Debug|Any CPU
		{DC0D6BA5-F663-4D9D-AB72-548935ABE5D1}.DVD-5|Mixed Platforms.Build.0 = Debug|Any CPU
		{DC0D6BA5-F663-4D9D-AB72-548935ABE5D1}.DVD-5|x64.ActiveCfg = Debug|Any CPU
		{DC0D6BA5-F663-4D9D-AB72-548935ABE5D1}.DVD-5|x64.Build.0 = Debug|Any CPU
		{DC0D6BA5-F663-4D9D-AB72-548935ABE5D1}.DVD-5|x86.ActiveCfg = Debug|Any CPU
		{DC0D6BA5-F663-4D9D-AB72-548935ABE5D1}.Release|Any CPU.ActiveCfg = Release|Any CPU
		{DC0D6BA5-F663-4D9D-AB72-548935ABE5D1}.Release|Any CPU.Build.0 = Release|Any CPU
		{DC0D6BA5-F663-4D9D-AB72-548935ABE5D1}.Release|Mixed Platforms.ActiveCfg = Release|Any CPU
		{DC0D6BA5-F663-4D9D-AB72-548935ABE5D1}.Release|Mixed Platforms.Build.0 = Release|Any CPU
		{DC0D6BA5-F663-4D9D-AB72-548935ABE5D1}.Release|x64.ActiveCfg = Release|Any CPU
		{DC0D6BA5-F663-4D9D-AB72-548935ABE5D1}.Release|x64.Build.0 = Release|Any CPU
		{DC0D6BA5-F663-4D9D-AB72-548935ABE5D1}.Release|x86.ActiveCfg = Release|x86
		{DC0D6BA5-F663-4D9D-AB72-548935ABE5D1}.Release|x86.Build.0 = Release|x86
		{DC0D6BA5-F663-4D9D-AB72-548935ABE5D1}.SingleImage|Any CPU.ActiveCfg = Release|Any CPU
		{DC0D6BA5-F663-4D9D-AB72-548935ABE5D1}.SingleImage|Any CPU.Build.0 = Release|Any CPU
		{DC0D6BA5-F663-4D9D-AB72-548935ABE5D1}.SingleImage|Mixed Platforms.ActiveCfg = Release|Any CPU
		{DC0D6BA5-F663-4D9D-AB72-548935ABE5D1}.SingleImage|Mixed Platforms.Build.0 = Release|Any CPU
		{DC0D6BA5-F663-4D9D-AB72-548935ABE5D1}.SingleImage|x64.ActiveCfg = Debug|Any CPU
		{DC0D6BA5-F663-4D9D-AB72-548935ABE5D1}.SingleImage|x64.Build.0 = Debug|Any CPU
		{DC0D6BA5-F663-4D9D-AB72-548935ABE5D1}.SingleImage|x86.ActiveCfg = Release|Any CPU
		{4A8D0C74-3ADD-436B-A670-4DDCF47F742D}.CD_ROM|Any CPU.ActiveCfg = Release|Any CPU
		{4A8D0C74-3ADD-436B-A670-4DDCF47F742D}.CD_ROM|Any CPU.Build.0 = Release|Any CPU
		{4A8D0C74-3ADD-436B-A670-4DDCF47F742D}.CD_ROM|Mixed Platforms.ActiveCfg = Release|Any CPU
		{4A8D0C74-3ADD-436B-A670-4DDCF47F742D}.CD_ROM|Mixed Platforms.Build.0 = Release|Any CPU
		{4A8D0C74-3ADD-436B-A670-4DDCF47F742D}.CD_ROM|x64.ActiveCfg = Debug|Any CPU
		{4A8D0C74-3ADD-436B-A670-4DDCF47F742D}.CD_ROM|x64.Build.0 = Debug|Any CPU
		{4A8D0C74-3ADD-436B-A670-4DDCF47F742D}.CD_ROM|x86.ActiveCfg = Release|Any CPU
		{4A8D0C74-3ADD-436B-A670-4DDCF47F742D}.Debug|Any CPU.ActiveCfg = Debug|Any CPU
		{4A8D0C74-3ADD-436B-A670-4DDCF47F742D}.Debug|Any CPU.Build.0 = Debug|Any CPU
		{4A8D0C74-3ADD-436B-A670-4DDCF47F742D}.Debug|Mixed Platforms.ActiveCfg = Debug|Any CPU
		{4A8D0C74-3ADD-436B-A670-4DDCF47F742D}.Debug|Mixed Platforms.Build.0 = Debug|Any CPU
		{4A8D0C74-3ADD-436B-A670-4DDCF47F742D}.Debug|x64.ActiveCfg = Debug|x64
		{4A8D0C74-3ADD-436B-A670-4DDCF47F742D}.Debug|x64.Build.0 = Debug|x64
		{4A8D0C74-3ADD-436B-A670-4DDCF47F742D}.Debug|x86.ActiveCfg = Debug|x86
		{4A8D0C74-3ADD-436B-A670-4DDCF47F742D}.Debug|x86.Build.0 = Debug|x86
		{4A8D0C74-3ADD-436B-A670-4DDCF47F742D}.DVD-5|Any CPU.ActiveCfg = Debug|Any CPU
		{4A8D0C74-3ADD-436B-A670-4DDCF47F742D}.DVD-5|Any CPU.Build.0 = Debug|Any CPU
		{4A8D0C74-3ADD-436B-A670-4DDCF47F742D}.DVD-5|Mixed Platforms.ActiveCfg = Debug|Any CPU
		{4A8D0C74-3ADD-436B-A670-4DDCF47F742D}.DVD-5|Mixed Platforms.Build.0 = Debug|Any CPU
		{4A8D0C74-3ADD-436B-A670-4DDCF47F742D}.DVD-5|x64.ActiveCfg = Debug|Any CPU
		{4A8D0C74-3ADD-436B-A670-4DDCF47F742D}.DVD-5|x64.Build.0 = Debug|Any CPU
		{4A8D0C74-3ADD-436B-A670-4DDCF47F742D}.DVD-5|x86.ActiveCfg = Debug|Any CPU
		{4A8D0C74-3ADD-436B-A670-4DDCF47F742D}.Release|Any CPU.ActiveCfg = Release|Any CPU
		{4A8D0C74-3ADD-436B-A670-4DDCF47F742D}.Release|Any CPU.Build.0 = Release|Any CPU
		{4A8D0C74-3ADD-436B-A670-4DDCF47F742D}.Release|Mixed Platforms.ActiveCfg = Release|Any CPU
		{4A8D0C74-3ADD-436B-A670-4DDCF47F742D}.Release|Mixed Platforms.Build.0 = Release|Any CPU
		{4A8D0C74-3ADD-436B-A670-4DDCF47F742D}.Release|x64.ActiveCfg = Release|Any CPU
		{4A8D0C74-3ADD-436B-A670-4DDCF47F742D}.Release|x64.Build.0 = Release|Any CPU
		{4A8D0C74-3ADD-436B-A670-4DDCF47F742D}.Release|x86.ActiveCfg = Release|x86
		{4A8D0C74-3ADD-436B-A670-4DDCF47F742D}.Release|x86.Build.0 = Release|x86
		{4A8D0C74-3ADD-436B-A670-4DDCF47F742D}.SingleImage|Any CPU.ActiveCfg = Release|Any CPU
		{4A8D0C74-3ADD-436B-A670-4DDCF47F742D}.SingleImage|Any CPU.Build.0 = Release|Any CPU
		{4A8D0C74-3ADD-436B-A670-4DDCF47F742D}.SingleImage|Mixed Platforms.ActiveCfg = Release|Any CPU
		{4A8D0C74-3ADD-436B-A670-4DDCF47F742D}.SingleImage|Mixed Platforms.Build.0 = Release|Any CPU
		{4A8D0C74-3ADD-436B-A670-4DDCF47F742D}.SingleImage|x64.ActiveCfg = Debug|Any CPU
		{4A8D0C74-3ADD-436B-A670-4DDCF47F742D}.SingleImage|x64.Build.0 = Debug|Any CPU
		{4A8D0C74-3ADD-436B-A670-4DDCF47F742D}.SingleImage|x86.ActiveCfg = Release|Any CPU
		{360D1A38-951C-4277-8695-B2868B126F30}.CD_ROM|Any CPU.ActiveCfg = Release|Any CPU
		{360D1A38-951C-4277-8695-B2868B126F30}.CD_ROM|Any CPU.Build.0 = Release|Any CPU
		{360D1A38-951C-4277-8695-B2868B126F30}.CD_ROM|Mixed Platforms.ActiveCfg = Release|Any CPU
		{360D1A38-951C-4277-8695-B2868B126F30}.CD_ROM|Mixed Platforms.Build.0 = Release|Any CPU
		{360D1A38-951C-4277-8695-B2868B126F30}.CD_ROM|x64.ActiveCfg = Release|x64
		{360D1A38-951C-4277-8695-B2868B126F30}.CD_ROM|x64.Build.0 = Release|x64
		{360D1A38-951C-4277-8695-B2868B126F30}.CD_ROM|x86.ActiveCfg = Release|Any CPU
		{360D1A38-951C-4277-8695-B2868B126F30}.CD_ROM|x86.Build.0 = Release|Any CPU
		{360D1A38-951C-4277-8695-B2868B126F30}.Debug|Any CPU.ActiveCfg = Debug|Any CPU
		{360D1A38-951C-4277-8695-B2868B126F30}.Debug|Any CPU.Build.0 = Debug|Any CPU
		{360D1A38-951C-4277-8695-B2868B126F30}.Debug|Mixed Platforms.ActiveCfg = Debug|Any CPU
		{360D1A38-951C-4277-8695-B2868B126F30}.Debug|Mixed Platforms.Build.0 = Debug|Any CPU
		{360D1A38-951C-4277-8695-B2868B126F30}.Debug|x64.ActiveCfg = Debug|x64
		{360D1A38-951C-4277-8695-B2868B126F30}.Debug|x64.Build.0 = Debug|x64
		{360D1A38-951C-4277-8695-B2868B126F30}.Debug|x86.ActiveCfg = Debug|x86
		{360D1A38-951C-4277-8695-B2868B126F30}.Debug|x86.Build.0 = Debug|x86
		{360D1A38-951C-4277-8695-B2868B126F30}.DVD-5|Any CPU.ActiveCfg = Debug|Any CPU
		{360D1A38-951C-4277-8695-B2868B126F30}.DVD-5|Any CPU.Build.0 = Debug|Any CPU
		{360D1A38-951C-4277-8695-B2868B126F30}.DVD-5|Mixed Platforms.ActiveCfg = Debug|Any CPU
		{360D1A38-951C-4277-8695-B2868B126F30}.DVD-5|Mixed Platforms.Build.0 = Debug|Any CPU
		{360D1A38-951C-4277-8695-B2868B126F30}.DVD-5|x64.ActiveCfg = Debug|x64
		{360D1A38-951C-4277-8695-B2868B126F30}.DVD-5|x64.Build.0 = Debug|x64
		{360D1A38-951C-4277-8695-B2868B126F30}.DVD-5|x86.ActiveCfg = Debug|Any CPU
		{360D1A38-951C-4277-8695-B2868B126F30}.DVD-5|x86.Build.0 = Debug|Any CPU
		{360D1A38-951C-4277-8695-B2868B126F30}.Release|Any CPU.ActiveCfg = Release|Any CPU
		{360D1A38-951C-4277-8695-B2868B126F30}.Release|Any CPU.Build.0 = Release|Any CPU
		{360D1A38-951C-4277-8695-B2868B126F30}.Release|Mixed Platforms.ActiveCfg = Release|Any CPU
		{360D1A38-951C-4277-8695-B2868B126F30}.Release|Mixed Platforms.Build.0 = Release|Any CPU
		{360D1A38-951C-4277-8695-B2868B126F30}.Release|x64.ActiveCfg = Release|x86
		{360D1A38-951C-4277-8695-B2868B126F30}.Release|x64.Build.0 = Release|x86
		{360D1A38-951C-4277-8695-B2868B126F30}.Release|x86.ActiveCfg = Release|x86
		{360D1A38-951C-4277-8695-B2868B126F30}.Release|x86.Build.0 = Release|x86
		{360D1A38-951C-4277-8695-B2868B126F30}.SingleImage|Any CPU.ActiveCfg = Release|Any CPU
		{360D1A38-951C-4277-8695-B2868B126F30}.SingleImage|Any CPU.Build.0 = Release|Any CPU
		{360D1A38-951C-4277-8695-B2868B126F30}.SingleImage|Mixed Platforms.ActiveCfg = Release|Any CPU
		{360D1A38-951C-4277-8695-B2868B126F30}.SingleImage|Mixed Platforms.Build.0 = Release|Any CPU
		{360D1A38-951C-4277-8695-B2868B126F30}.SingleImage|x64.ActiveCfg = Release|x64
		{360D1A38-951C-4277-8695-B2868B126F30}.SingleImage|x64.Build.0 = Release|x64
		{360D1A38-951C-4277-8695-B2868B126F30}.SingleImage|x86.ActiveCfg = Release|Any CPU
		{360D1A38-951C-4277-8695-B2868B126F30}.SingleImage|x86.Build.0 = Release|Any CPU
		{C2862176-52EC-4E8B-BE58-EFAA586536A9}.CD_ROM|Any CPU.ActiveCfg = Release|Any CPU
		{C2862176-52EC-4E8B-BE58-EFAA586536A9}.CD_ROM|Any CPU.Build.0 = Release|Any CPU
		{C2862176-52EC-4E8B-BE58-EFAA586536A9}.CD_ROM|Mixed Platforms.ActiveCfg = Release|Any CPU
		{C2862176-52EC-4E8B-BE58-EFAA586536A9}.CD_ROM|Mixed Platforms.Build.0 = Release|Any CPU
		{C2862176-52EC-4E8B-BE58-EFAA586536A9}.CD_ROM|x64.ActiveCfg = Release|Any CPU
		{C2862176-52EC-4E8B-BE58-EFAA586536A9}.CD_ROM|x64.Build.0 = Release|Any CPU
		{C2862176-52EC-4E8B-BE58-EFAA586536A9}.CD_ROM|x86.ActiveCfg = Release|Any CPU
		{C2862176-52EC-4E8B-BE58-EFAA586536A9}.CD_ROM|x86.Build.0 = Release|Any CPU
		{C2862176-52EC-4E8B-BE58-EFAA586536A9}.Debug|Any CPU.ActiveCfg = Debug|Any CPU
		{C2862176-52EC-4E8B-BE58-EFAA586536A9}.Debug|Any CPU.Build.0 = Debug|Any CPU
		{C2862176-52EC-4E8B-BE58-EFAA586536A9}.Debug|Mixed Platforms.ActiveCfg = Debug|Any CPU
		{C2862176-52EC-4E8B-BE58-EFAA586536A9}.Debug|Mixed Platforms.Build.0 = Debug|Any CPU
		{C2862176-52EC-4E8B-BE58-EFAA586536A9}.Debug|x64.ActiveCfg = Debug|x64
		{C2862176-52EC-4E8B-BE58-EFAA586536A9}.Debug|x64.Build.0 = Debug|x64
		{C2862176-52EC-4E8B-BE58-EFAA586536A9}.Debug|x86.ActiveCfg = Debug|x86
		{C2862176-52EC-4E8B-BE58-EFAA586536A9}.Debug|x86.Build.0 = Debug|x86
		{C2862176-52EC-4E8B-BE58-EFAA586536A9}.DVD-5|Any CPU.ActiveCfg = Debug|Any CPU
		{C2862176-52EC-4E8B-BE58-EFAA586536A9}.DVD-5|Any CPU.Build.0 = Debug|Any CPU
		{C2862176-52EC-4E8B-BE58-EFAA586536A9}.DVD-5|Mixed Platforms.ActiveCfg = Debug|Any CPU
		{C2862176-52EC-4E8B-BE58-EFAA586536A9}.DVD-5|Mixed Platforms.Build.0 = Debug|Any CPU
		{C2862176-52EC-4E8B-BE58-EFAA586536A9}.DVD-5|x64.ActiveCfg = Debug|Any CPU
		{C2862176-52EC-4E8B-BE58-EFAA586536A9}.DVD-5|x64.Build.0 = Debug|Any CPU
		{C2862176-52EC-4E8B-BE58-EFAA586536A9}.DVD-5|x86.ActiveCfg = Debug|Any CPU
		{C2862176-52EC-4E8B-BE58-EFAA586536A9}.DVD-5|x86.Build.0 = Debug|Any CPU
		{C2862176-52EC-4E8B-BE58-EFAA586536A9}.Release|Any CPU.ActiveCfg = Release|Any CPU
		{C2862176-52EC-4E8B-BE58-EFAA586536A9}.Release|Any CPU.Build.0 = Release|Any CPU
		{C2862176-52EC-4E8B-BE58-EFAA586536A9}.Release|Mixed Platforms.ActiveCfg = Release|Any CPU
		{C2862176-52EC-4E8B-BE58-EFAA586536A9}.Release|Mixed Platforms.Build.0 = Release|Any CPU
		{C2862176-52EC-4E8B-BE58-EFAA586536A9}.Release|x64.ActiveCfg = Release|Any CPU
		{C2862176-52EC-4E8B-BE58-EFAA586536A9}.Release|x64.Build.0 = Release|Any CPU
		{C2862176-52EC-4E8B-BE58-EFAA586536A9}.Release|x86.ActiveCfg = Release|Any CPU
		{C2862176-52EC-4E8B-BE58-EFAA586536A9}.Release|x86.Build.0 = Release|Any CPU
		{C2862176-52EC-4E8B-BE58-EFAA586536A9}.SingleImage|Any CPU.ActiveCfg = Release|Any CPU
		{C2862176-52EC-4E8B-BE58-EFAA586536A9}.SingleImage|Any CPU.Build.0 = Release|Any CPU
		{C2862176-52EC-4E8B-BE58-EFAA586536A9}.SingleImage|Mixed Platforms.ActiveCfg = Release|Any CPU
		{C2862176-52EC-4E8B-BE58-EFAA586536A9}.SingleImage|Mixed Platforms.Build.0 = Release|Any CPU
		{C2862176-52EC-4E8B-BE58-EFAA586536A9}.SingleImage|x64.ActiveCfg = Release|Any CPU
		{C2862176-52EC-4E8B-BE58-EFAA586536A9}.SingleImage|x64.Build.0 = Release|Any CPU
		{C2862176-52EC-4E8B-BE58-EFAA586536A9}.SingleImage|x86.ActiveCfg = Release|Any CPU
		{C2862176-52EC-4E8B-BE58-EFAA586536A9}.SingleImage|x86.Build.0 = Release|Any CPU
		{EF6E018D-6A60-4B2D-B08F-1D88285F3B2F}.CD_ROM|Any CPU.ActiveCfg = Release|Any CPU
		{EF6E018D-6A60-4B2D-B08F-1D88285F3B2F}.CD_ROM|Any CPU.Build.0 = Release|Any CPU
		{EF6E018D-6A60-4B2D-B08F-1D88285F3B2F}.CD_ROM|Mixed Platforms.ActiveCfg = Release|x86
		{EF6E018D-6A60-4B2D-B08F-1D88285F3B2F}.CD_ROM|Mixed Platforms.Build.0 = Release|x86
		{EF6E018D-6A60-4B2D-B08F-1D88285F3B2F}.CD_ROM|x64.ActiveCfg = Release|Any CPU
		{EF6E018D-6A60-4B2D-B08F-1D88285F3B2F}.CD_ROM|x64.Build.0 = Release|Any CPU
		{EF6E018D-6A60-4B2D-B08F-1D88285F3B2F}.CD_ROM|x86.ActiveCfg = Release|x86
		{EF6E018D-6A60-4B2D-B08F-1D88285F3B2F}.CD_ROM|x86.Build.0 = Release|x86
		{EF6E018D-6A60-4B2D-B08F-1D88285F3B2F}.Debug|Any CPU.ActiveCfg = Debug|Any CPU
		{EF6E018D-6A60-4B2D-B08F-1D88285F3B2F}.Debug|Any CPU.Build.0 = Debug|Any CPU
		{EF6E018D-6A60-4B2D-B08F-1D88285F3B2F}.Debug|Mixed Platforms.ActiveCfg = Debug|x86
		{EF6E018D-6A60-4B2D-B08F-1D88285F3B2F}.Debug|Mixed Platforms.Build.0 = Debug|x86
		{EF6E018D-6A60-4B2D-B08F-1D88285F3B2F}.Debug|x64.ActiveCfg = Debug|x64
		{EF6E018D-6A60-4B2D-B08F-1D88285F3B2F}.Debug|x64.Build.0 = Debug|x64
		{EF6E018D-6A60-4B2D-B08F-1D88285F3B2F}.Debug|x86.ActiveCfg = Debug|x86
		{EF6E018D-6A60-4B2D-B08F-1D88285F3B2F}.Debug|x86.Build.0 = Debug|x86
		{EF6E018D-6A60-4B2D-B08F-1D88285F3B2F}.DVD-5|Any CPU.ActiveCfg = Debug|Any CPU
		{EF6E018D-6A60-4B2D-B08F-1D88285F3B2F}.DVD-5|Any CPU.Build.0 = Debug|Any CPU
		{EF6E018D-6A60-4B2D-B08F-1D88285F3B2F}.DVD-5|Mixed Platforms.ActiveCfg = Debug|x86
		{EF6E018D-6A60-4B2D-B08F-1D88285F3B2F}.DVD-5|Mixed Platforms.Build.0 = Debug|x86
		{EF6E018D-6A60-4B2D-B08F-1D88285F3B2F}.DVD-5|x64.ActiveCfg = Debug|Any CPU
		{EF6E018D-6A60-4B2D-B08F-1D88285F3B2F}.DVD-5|x64.Build.0 = Debug|Any CPU
		{EF6E018D-6A60-4B2D-B08F-1D88285F3B2F}.DVD-5|x86.ActiveCfg = Debug|x86
		{EF6E018D-6A60-4B2D-B08F-1D88285F3B2F}.DVD-5|x86.Build.0 = Debug|x86
		{EF6E018D-6A60-4B2D-B08F-1D88285F3B2F}.Release|Any CPU.ActiveCfg = Release|Any CPU
		{EF6E018D-6A60-4B2D-B08F-1D88285F3B2F}.Release|Any CPU.Build.0 = Release|Any CPU
		{EF6E018D-6A60-4B2D-B08F-1D88285F3B2F}.Release|Mixed Platforms.ActiveCfg = Release|x86
		{EF6E018D-6A60-4B2D-B08F-1D88285F3B2F}.Release|Mixed Platforms.Build.0 = Release|x86
		{EF6E018D-6A60-4B2D-B08F-1D88285F3B2F}.Release|x64.ActiveCfg = Release|Any CPU
		{EF6E018D-6A60-4B2D-B08F-1D88285F3B2F}.Release|x64.Build.0 = Release|Any CPU
		{EF6E018D-6A60-4B2D-B08F-1D88285F3B2F}.Release|x86.ActiveCfg = Release|x86
		{EF6E018D-6A60-4B2D-B08F-1D88285F3B2F}.Release|x86.Build.0 = Release|x86
		{EF6E018D-6A60-4B2D-B08F-1D88285F3B2F}.SingleImage|Any CPU.ActiveCfg = Release|Any CPU
		{EF6E018D-6A60-4B2D-B08F-1D88285F3B2F}.SingleImage|Any CPU.Build.0 = Release|Any CPU
		{EF6E018D-6A60-4B2D-B08F-1D88285F3B2F}.SingleImage|Mixed Platforms.ActiveCfg = Release|x86
		{EF6E018D-6A60-4B2D-B08F-1D88285F3B2F}.SingleImage|Mixed Platforms.Build.0 = Release|x86
		{EF6E018D-6A60-4B2D-B08F-1D88285F3B2F}.SingleImage|x64.ActiveCfg = Release|Any CPU
		{EF6E018D-6A60-4B2D-B08F-1D88285F3B2F}.SingleImage|x64.Build.0 = Release|Any CPU
		{EF6E018D-6A60-4B2D-B08F-1D88285F3B2F}.SingleImage|x86.ActiveCfg = Release|x86
		{EF6E018D-6A60-4B2D-B08F-1D88285F3B2F}.SingleImage|x86.Build.0 = Release|x86
		{A988E147-13B0-40BA-9438-27578673D21A}.CD_ROM|Any CPU.ActiveCfg = Release|Any CPU
		{A988E147-13B0-40BA-9438-27578673D21A}.CD_ROM|Any CPU.Build.0 = Release|Any CPU
		{A988E147-13B0-40BA-9438-27578673D21A}.CD_ROM|Mixed Platforms.ActiveCfg = Release|Any CPU
		{A988E147-13B0-40BA-9438-27578673D21A}.CD_ROM|Mixed Platforms.Build.0 = Release|Any CPU
		{A988E147-13B0-40BA-9438-27578673D21A}.CD_ROM|x64.ActiveCfg = Release|Any CPU
		{A988E147-13B0-40BA-9438-27578673D21A}.CD_ROM|x64.Build.0 = Release|Any CPU
		{A988E147-13B0-40BA-9438-27578673D21A}.CD_ROM|x86.ActiveCfg = Release|Any CPU
		{A988E147-13B0-40BA-9438-27578673D21A}.CD_ROM|x86.Build.0 = Release|Any CPU
		{A988E147-13B0-40BA-9438-27578673D21A}.Debug|Any CPU.ActiveCfg = Debug|Any CPU
		{A988E147-13B0-40BA-9438-27578673D21A}.Debug|Any CPU.Build.0 = Debug|Any CPU
		{A988E147-13B0-40BA-9438-27578673D21A}.Debug|Mixed Platforms.ActiveCfg = Debug|Any CPU
		{A988E147-13B0-40BA-9438-27578673D21A}.Debug|Mixed Platforms.Build.0 = Debug|Any CPU
		{A988E147-13B0-40BA-9438-27578673D21A}.Debug|x64.ActiveCfg = Debug|x64
		{A988E147-13B0-40BA-9438-27578673D21A}.Debug|x64.Build.0 = Debug|x64
		{A988E147-13B0-40BA-9438-27578673D21A}.Debug|x86.ActiveCfg = Debug|Any CPU
		{A988E147-13B0-40BA-9438-27578673D21A}.Debug|x86.Build.0 = Debug|Any CPU
		{A988E147-13B0-40BA-9438-27578673D21A}.DVD-5|Any CPU.ActiveCfg = Debug|Any CPU
		{A988E147-13B0-40BA-9438-27578673D21A}.DVD-5|Any CPU.Build.0 = Debug|Any CPU
		{A988E147-13B0-40BA-9438-27578673D21A}.DVD-5|Mixed Platforms.ActiveCfg = Debug|Any CPU
		{A988E147-13B0-40BA-9438-27578673D21A}.DVD-5|Mixed Platforms.Build.0 = Debug|Any CPU
		{A988E147-13B0-40BA-9438-27578673D21A}.DVD-5|x64.ActiveCfg = Debug|Any CPU
		{A988E147-13B0-40BA-9438-27578673D21A}.DVD-5|x64.Build.0 = Debug|Any CPU
		{A988E147-13B0-40BA-9438-27578673D21A}.DVD-5|x86.ActiveCfg = Debug|Any CPU
		{A988E147-13B0-40BA-9438-27578673D21A}.DVD-5|x86.Build.0 = Debug|Any CPU
		{A988E147-13B0-40BA-9438-27578673D21A}.Release|Any CPU.ActiveCfg = Release|Any CPU
		{A988E147-13B0-40BA-9438-27578673D21A}.Release|Any CPU.Build.0 = Release|Any CPU
		{A988E147-13B0-40BA-9438-27578673D21A}.Release|Mixed Platforms.ActiveCfg = Release|Any CPU
		{A988E147-13B0-40BA-9438-27578673D21A}.Release|Mixed Platforms.Build.0 = Release|Any CPU
		{A988E147-13B0-40BA-9438-27578673D21A}.Release|x64.ActiveCfg = Release|Any CPU
		{A988E147-13B0-40BA-9438-27578673D21A}.Release|x64.Build.0 = Release|Any CPU
		{A988E147-13B0-40BA-9438-27578673D21A}.Release|x86.ActiveCfg = Release|Any CPU
		{A988E147-13B0-40BA-9438-27578673D21A}.Release|x86.Build.0 = Release|Any CPU
		{A988E147-13B0-40BA-9438-27578673D21A}.SingleImage|Any CPU.ActiveCfg = Release|Any CPU
		{A988E147-13B0-40BA-9438-27578673D21A}.SingleImage|Any CPU.Build.0 = Release|Any CPU
		{A988E147-13B0-40BA-9438-27578673D21A}.SingleImage|Mixed Platforms.ActiveCfg = Release|Any CPU
		{A988E147-13B0-40BA-9438-27578673D21A}.SingleImage|Mixed Platforms.Build.0 = Release|Any CPU
		{A988E147-13B0-40BA-9438-27578673D21A}.SingleImage|x64.ActiveCfg = Release|Any CPU
		{A988E147-13B0-40BA-9438-27578673D21A}.SingleImage|x64.Build.0 = Release|Any CPU
		{A988E147-13B0-40BA-9438-27578673D21A}.SingleImage|x86.ActiveCfg = Release|Any CPU
		{A988E147-13B0-40BA-9438-27578673D21A}.SingleImage|x86.Build.0 = Release|Any CPU
		{CA3E7EC2-1AE4-4909-820D-2AAF78BE9582}.CD_ROM|Any CPU.ActiveCfg = Release|Any CPU
		{CA3E7EC2-1AE4-4909-820D-2AAF78BE9582}.CD_ROM|Any CPU.Build.0 = Release|Any CPU
		{CA3E7EC2-1AE4-4909-820D-2AAF78BE9582}.CD_ROM|Mixed Platforms.ActiveCfg = Release|x86
		{CA3E7EC2-1AE4-4909-820D-2AAF78BE9582}.CD_ROM|Mixed Platforms.Build.0 = Release|x86
		{CA3E7EC2-1AE4-4909-820D-2AAF78BE9582}.CD_ROM|x64.ActiveCfg = Release|x64
		{CA3E7EC2-1AE4-4909-820D-2AAF78BE9582}.CD_ROM|x64.Build.0 = Release|x64
		{CA3E7EC2-1AE4-4909-820D-2AAF78BE9582}.CD_ROM|x86.ActiveCfg = Release|x86
		{CA3E7EC2-1AE4-4909-820D-2AAF78BE9582}.CD_ROM|x86.Build.0 = Release|x86
		{CA3E7EC2-1AE4-4909-820D-2AAF78BE9582}.Debug|Any CPU.ActiveCfg = Debug|Any CPU
		{CA3E7EC2-1AE4-4909-820D-2AAF78BE9582}.Debug|Any CPU.Build.0 = Debug|Any CPU
		{CA3E7EC2-1AE4-4909-820D-2AAF78BE9582}.Debug|Mixed Platforms.ActiveCfg = Debug|x86
		{CA3E7EC2-1AE4-4909-820D-2AAF78BE9582}.Debug|Mixed Platforms.Build.0 = Debug|x86
		{CA3E7EC2-1AE4-4909-820D-2AAF78BE9582}.Debug|x64.ActiveCfg = Debug|x64
		{CA3E7EC2-1AE4-4909-820D-2AAF78BE9582}.Debug|x64.Build.0 = Debug|x64
		{CA3E7EC2-1AE4-4909-820D-2AAF78BE9582}.Debug|x86.ActiveCfg = Debug|x86
		{CA3E7EC2-1AE4-4909-820D-2AAF78BE9582}.Debug|x86.Build.0 = Debug|x86
		{CA3E7EC2-1AE4-4909-820D-2AAF78BE9582}.DVD-5|Any CPU.ActiveCfg = Debug|Any CPU
		{CA3E7EC2-1AE4-4909-820D-2AAF78BE9582}.DVD-5|Any CPU.Build.0 = Debug|Any CPU
		{CA3E7EC2-1AE4-4909-820D-2AAF78BE9582}.DVD-5|Mixed Platforms.ActiveCfg = Debug|x86
		{CA3E7EC2-1AE4-4909-820D-2AAF78BE9582}.DVD-5|Mixed Platforms.Build.0 = Debug|x86
		{CA3E7EC2-1AE4-4909-820D-2AAF78BE9582}.DVD-5|x64.ActiveCfg = Debug|x64
		{CA3E7EC2-1AE4-4909-820D-2AAF78BE9582}.DVD-5|x64.Build.0 = Debug|x64
		{CA3E7EC2-1AE4-4909-820D-2AAF78BE9582}.DVD-5|x86.ActiveCfg = Debug|x86
		{CA3E7EC2-1AE4-4909-820D-2AAF78BE9582}.DVD-5|x86.Build.0 = Debug|x86
		{CA3E7EC2-1AE4-4909-820D-2AAF78BE9582}.Release|Any CPU.ActiveCfg = Release|Any CPU
		{CA3E7EC2-1AE4-4909-820D-2AAF78BE9582}.Release|Any CPU.Build.0 = Release|Any CPU
		{CA3E7EC2-1AE4-4909-820D-2AAF78BE9582}.Release|Mixed Platforms.ActiveCfg = Release|x86
		{CA3E7EC2-1AE4-4909-820D-2AAF78BE9582}.Release|Mixed Platforms.Build.0 = Release|x86
		{CA3E7EC2-1AE4-4909-820D-2AAF78BE9582}.Release|x64.ActiveCfg = Release|x64
		{CA3E7EC2-1AE4-4909-820D-2AAF78BE9582}.Release|x64.Build.0 = Release|x64
		{CA3E7EC2-1AE4-4909-820D-2AAF78BE9582}.Release|x86.ActiveCfg = Release|x86
		{CA3E7EC2-1AE4-4909-820D-2AAF78BE9582}.Release|x86.Build.0 = Release|x86
		{CA3E7EC2-1AE4-4909-820D-2AAF78BE9582}.SingleImage|Any CPU.ActiveCfg = Release|Any CPU
		{CA3E7EC2-1AE4-4909-820D-2AAF78BE9582}.SingleImage|Any CPU.Build.0 = Release|Any CPU
		{CA3E7EC2-1AE4-4909-820D-2AAF78BE9582}.SingleImage|Mixed Platforms.ActiveCfg = Release|x86
		{CA3E7EC2-1AE4-4909-820D-2AAF78BE9582}.SingleImage|Mixed Platforms.Build.0 = Release|x86
		{CA3E7EC2-1AE4-4909-820D-2AAF78BE9582}.SingleImage|x64.ActiveCfg = Release|x64
		{CA3E7EC2-1AE4-4909-820D-2AAF78BE9582}.SingleImage|x64.Build.0 = Release|x64
		{CA3E7EC2-1AE4-4909-820D-2AAF78BE9582}.SingleImage|x86.ActiveCfg = Release|x86
		{CA3E7EC2-1AE4-4909-820D-2AAF78BE9582}.SingleImage|x86.Build.0 = Release|x86
		{06E3C9DE-636D-46E4-8866-C1B7C5F4A3D7}.CD_ROM|Any CPU.ActiveCfg = Release
		{06E3C9DE-636D-46E4-8866-C1B7C5F4A3D7}.CD_ROM|Mixed Platforms.ActiveCfg = Release
		{06E3C9DE-636D-46E4-8866-C1B7C5F4A3D7}.CD_ROM|x64.ActiveCfg = Release
		{06E3C9DE-636D-46E4-8866-C1B7C5F4A3D7}.CD_ROM|x86.ActiveCfg = Release
		{06E3C9DE-636D-46E4-8866-C1B7C5F4A3D7}.Debug|Any CPU.ActiveCfg = Debug
		{06E3C9DE-636D-46E4-8866-C1B7C5F4A3D7}.Debug|Mixed Platforms.ActiveCfg = Debug
		{06E3C9DE-636D-46E4-8866-C1B7C5F4A3D7}.Debug|x64.ActiveCfg = Debug
		{06E3C9DE-636D-46E4-8866-C1B7C5F4A3D7}.Debug|x86.ActiveCfg = Debug
		{06E3C9DE-636D-46E4-8866-C1B7C5F4A3D7}.DVD-5|Any CPU.ActiveCfg = Debug
		{06E3C9DE-636D-46E4-8866-C1B7C5F4A3D7}.DVD-5|Mixed Platforms.ActiveCfg = Debug
		{06E3C9DE-636D-46E4-8866-C1B7C5F4A3D7}.DVD-5|x64.ActiveCfg = Debug
		{06E3C9DE-636D-46E4-8866-C1B7C5F4A3D7}.DVD-5|x86.ActiveCfg = Debug
		{06E3C9DE-636D-46E4-8866-C1B7C5F4A3D7}.Release|Any CPU.ActiveCfg = Release
		{06E3C9DE-636D-46E4-8866-C1B7C5F4A3D7}.Release|Mixed Platforms.ActiveCfg = Release
		{06E3C9DE-636D-46E4-8866-C1B7C5F4A3D7}.Release|x64.ActiveCfg = Release
		{06E3C9DE-636D-46E4-8866-C1B7C5F4A3D7}.Release|x86.ActiveCfg = Release
		{06E3C9DE-636D-46E4-8866-C1B7C5F4A3D7}.SingleImage|Any CPU.ActiveCfg = Release
		{06E3C9DE-636D-46E4-8866-C1B7C5F4A3D7}.SingleImage|Mixed Platforms.ActiveCfg = Release
		{06E3C9DE-636D-46E4-8866-C1B7C5F4A3D7}.SingleImage|x64.ActiveCfg = Release
		{06E3C9DE-636D-46E4-8866-C1B7C5F4A3D7}.SingleImage|x86.ActiveCfg = Release
	EndGlobalSection
	GlobalSection(SolutionProperties) = preSolution
		HideSolutionNode = FALSE
	EndGlobalSection
	GlobalSection(ExtensibilityGlobals) = postSolution
		SolutionGuid = {8B8F8BF9-3083-4544-BFC0-2531239A0AA7}
	EndGlobalSection
EndGlobal
